
Microsoft Visual Studio Solution File, Format Version 12.00
# Visual Studio Version 17
VisualStudioVersion = 17.8.34316.72
MinimumVisualStudioVersion = 10.0.40219.1
Project("{9A19103F-16F7-4668-BE54-9A1E7A4F7556}") = "TelegramBotExchange", "TelegramBotExchange\TelegramBotExchange.csproj", "{9AAFF150-8CCB-4FA5-82E4-91789045CDD4}"
EndProject
Project("{FAE04EC0-301F-11D3-BF4B-00C04F79EFBC}") = "ExchangeService.Client", "ExchangeService.Client\ExchangeService.Client.csproj", "{B80A4032-752C-4193-9C72-DAFD906B7DD8}"
EndProject
Global
	GlobalSection(SolutionConfigurationPlatforms) = preSolution
		Debug|Any CPU = Debug|Any CPU
		Release|Any CPU = Release|Any CPU
	EndGlobalSection
	GlobalSection(ProjectConfigurationPlatforms) = postSolution
		{9AAFF150-8CCB-4FA5-82E4-91789045CDD4}.Debug|Any CPU.ActiveCfg = Debug|Any CPU
		{9AAFF150-8CCB-4FA5-82E4-91789045CDD4}.Debug|Any CPU.Build.0 = Debug|Any CPU
		{9AAFF150-8CCB-4FA5-82E4-91789045CDD4}.Release|Any CPU.ActiveCfg = Release|Any CPU
		{9AAFF150-8CCB-4FA5-82E4-91789045CDD4}.Release|Any CPU.Build.0 = Release|Any CPU
		{B80A4032-752C-4193-9C72-DAFD906B7DD8}.Debug|Any CPU.ActiveCfg = Debug|Any CPU
		{B80A4032-752C-4193-9C72-DAFD906B7DD8}.Debug|Any CPU.Build.0 = Debug|Any CPU
		{B80A4032-752C-4193-9C72-DAFD906B7DD8}.Release|Any CPU.ActiveCfg = Release|Any CPU
		{B80A4032-752C-4193-9C72-DAFD906B7DD8}.Release|Any CPU.Build.0 = Release|Any CPU
	EndGlobalSection
	GlobalSection(SolutionProperties) = preSolution
		HideSolutionNode = FALSE
	EndGlobalSection
	GlobalSection(ExtensibilityGlobals) = postSolution
		SolutionGuid = {B20F2627-A5AF-483E-B257-27E4D70B1A70}
	EndGlobalSection
EndGlobal
